
Microsoft Visual Studio Solution File, Format Version 12.00
# Visual Studio 15
VisualStudioVersion = 15.0.27428.2005
MinimumVisualStudioVersion = 10.0.40219.1
Project("{FAE04EC0-301F-11D3-BF4B-00C04F79EFBC}") = "InitialApp", "InitialApp\InitialApp.csproj", "{42BC39F9-B77E-4766-B9D3-2ECAD408A3CA}"
EndProject
Global
	GlobalSection(SolutionConfigurationPlatforms) = preSolution
		Debug|Any CPU = Debug|Any CPU
		Release|Any CPU = Release|Any CPU
	EndGlobalSection
	GlobalSection(ProjectConfigurationPlatforms) = postSolution
		{42BC39F9-B77E-4766-B9D3-2ECAD408A3CA}.Debug|Any CPU.ActiveCfg = Debug|Any CPU
		{42BC39F9-B77E-4766-B9D3-2ECAD408A3CA}.Debug|Any CPU.Build.0 = Debug|Any CPU
		{42BC39F9-B77E-4766-B9D3-2ECAD408A3CA}.Release|Any CPU.ActiveCfg = Release|Any CPU
		{42BC39F9-B77E-4766-B9D3-2ECAD408A3CA}.Release|Any CPU.Build.0 = Release|Any CPU
	EndGlobalSection
	GlobalSection(SolutionProperties) = preSolution
		HideSolutionNode = FALSE
	EndGlobalSection
	GlobalSection(ExtensibilityGlobals) = postSolution
		SolutionGuid = {F370DEA5-2E26-4FB4-ADAA-F24658B409AE}
	EndGlobalSection
EndGlobal
